{
  "requires": true,
  "lockfileVersion": 1,
  "dependencies": {
    "react-google-charts": {
      "version": "3.0.15",
      "resolved": "https://registry.npmjs.org/react-google-charts/-/react-google-charts-3.0.15.tgz",
      "integrity": "sha512-78s5xOQOJvL+jIewrWQZEHtlVk+5Yh4zZy+ODA1on1o1FaRjKWXxoo4n4JQl1XuqkF/A9NWque3KqM6pMggjzQ==",
      "requires": {
        "react-load-script": "^0.0.6"
      }
    },
    "react-load-script": {
      "version": "0.0.6",
      "resolved": "https://registry.npmjs.org/react-load-script/-/react-load-script-0.0.6.tgz",
      "integrity": "sha512-aRGxDGP9VoLxcsaYvKWIW+LRrMOzz2eEcubTS4NvQPPugjk2VvMhow0wWTkSl7RxookomD1MwcP4l5UStg5ShQ=="
    }
  }
}
